
Microsoft Visual Studio Solution File, Format Version 12.00
# Visual Studio 15
VisualStudioVersion = 15.0.28010.2046
MinimumVisualStudioVersion = 10.0.40219.1
Project("{FAE04EC0-301F-11D3-BF4B-00C04F79EFBC}") = "GettingStarted.Android", "GettingStarted\GettingStarted.Android\GettingStarted.Android.csproj", "{2A2D8AA4-C92C-47A3-B99D-D7C4A96FD5EA}"
EndProject
Project("{FAE04EC0-301F-11D3-BF4B-00C04F79EFBC}") = "GettingStarted.iOS", "GettingStarted\GettingStarted.iOS\GettingStarted.iOS.csproj", "{870BA51C-A5B0-4B7E-9081-CAEE4E0789D6}"
EndProject
Project("{FAE04EC0-301F-11D3-BF4B-00C04F79EFBC}") = "GettingStarted.UWP", "GettingStarted\GettingStarted.UWP\GettingStarted.UWP.csproj", "{B98F4FB9-20C1-40D1-8BFA-CC009C92A528}"
EndProject
Project("{FAE04EC0-301F-11D3-BF4B-00C04F79EFBC}") = "GettingStarted", "GettingStarted\GettingStarted\GettingStarted.csproj", "{97610E4F-AD8D-4C2A-BFF5-9A180A659FB5}"
EndProject
Global
	GlobalSection(SolutionConfigurationPlatforms) = preSolution
		Ad-Hoc|Any CPU = Ad-Hoc|Any CPU
		Ad-Hoc|ARM = Ad-Hoc|ARM
		Ad-Hoc|iPhone = Ad-Hoc|iPhone
		Ad-Hoc|iPhoneSimulator = Ad-Hoc|iPhoneSimulator
		Ad-Hoc|x64 = Ad-Hoc|x64
		Ad-Hoc|x86 = Ad-Hoc|x86
		AppStore|Any CPU = AppStore|Any CPU
		AppStore|ARM = AppStore|ARM
		AppStore|iPhone = AppStore|iPhone
		AppStore|iPhoneSimulator = AppStore|iPhoneSimulator
		AppStore|x64 = AppStore|x64
		AppStore|x86 = AppStore|x86
		Debug|Any CPU = Debug|Any CPU
		Debug|ARM = Debug|ARM
		Debug|iPhone = Debug|iPhone
		Debug|iPhoneSimulator = Debug|iPhoneSimulator
		Debug|x64 = Debug|x64
		Debug|x86 = Debug|x86
		Release|Any CPU = Release|Any CPU
		Release|ARM = Release|ARM
		Release|iPhone = Release|iPhone
		Release|iPhoneSimulator = Release|iPhoneSimulator
		Release|x64 = Release|x64
		Release|x86 = Release|x86
	EndGlobalSection
	GlobalSection(ProjectConfigurationPlatforms) = postSolution
		{2A2D8AA4-C92C-47A3-B99D-D7C4A96FD5EA}.Ad-Hoc|Any CPU.ActiveCfg = Release|Any CPU
		{2A2D8AA4-C92C-47A3-B99D-D7C4A96FD5EA}.Ad-Hoc|Any CPU.Build.0 = Release|Any CPU
		{2A2D8AA4-C92C-47A3-B99D-D7C4A96FD5EA}.Ad-Hoc|Any CPU.Deploy.0 = Release|Any CPU
		{2A2D8AA4-C92C-47A3-B99D-D7C4A96FD5EA}.Ad-Hoc|ARM.ActiveCfg = Release|Any CPU
		{2A2D8AA4-C92C-47A3-B99D-D7C4A96FD5EA}.Ad-Hoc|ARM.Build.0 = Release|Any CPU
		{2A2D8AA4-C92C-47A3-B99D-D7C4A96FD5EA}.Ad-Hoc|ARM.Deploy.0 = Release|Any CPU
		{2A2D8AA4-C92C-47A3-B99D-D7C4A96FD5EA}.Ad-Hoc|iPhone.ActiveCfg = Release|Any CPU
		{2A2D8AA4-C92C-47A3-B99D-D7C4A96FD5EA}.Ad-Hoc|iPhone.Build.0 = Release|Any CPU
		{2A2D8AA4-C92C-47A3-B99D-D7C4A96FD5EA}.Ad-Hoc|iPhone.Deploy.0 = Release|Any CPU
		{2A2D8AA4-C92C-47A3-B99D-D7C4A96FD5EA}.Ad-Hoc|iPhoneSimulator.ActiveCfg = Release|Any CPU
		{2A2D8AA4-C92C-47A3-B99D-D7C4A96FD5EA}.Ad-Hoc|iPhoneSimulator.Build.0 = Release|Any CPU
		{2A2D8AA4-C92C-47A3-B99D-D7C4A96FD5EA}.Ad-Hoc|iPhoneSimulator.Deploy.0 = Release|Any CPU
		{2A2D8AA4-C92C-47A3-B99D-D7C4A96FD5EA}.Ad-Hoc|x64.ActiveCfg = Release|Any CPU
		{2A2D8AA4-C92C-47A3-B99D-D7C4A96FD5EA}.Ad-Hoc|x64.Build.0 = Release|Any CPU
		{2A2D8AA4-C92C-47A3-B99D-D7C4A96FD5EA}.Ad-Hoc|x64.Deploy.0 = Release|Any CPU
		{2A2D8AA4-C92C-47A3-B99D-D7C4A96FD5EA}.Ad-Hoc|x86.ActiveCfg = Release|Any CPU
		{2A2D8AA4-C92C-47A3-B99D-D7C4A96FD5EA}.Ad-Hoc|x86.Build.0 = Release|Any CPU
		{2A2D8AA4-C92C-47A3-B99D-D7C4A96FD5EA}.Ad-Hoc|x86.Deploy.0 = Release|Any CPU
		{2A2D8AA4-C92C-47A3-B99D-D7C4A96FD5EA}.AppStore|Any CPU.ActiveCfg = Release|Any CPU
		{2A2D8AA4-C92C-47A3-B99D-D7C4A96FD5EA}.AppStore|Any CPU.Build.0 = Release|Any CPU
		{2A2D8AA4-C92C-47A3-B99D-D7C4A96FD5EA}.AppStore|Any CPU.Deploy.0 = Release|Any CPU
		{2A2D8AA4-C92C-47A3-B99D-D7C4A96FD5EA}.AppStore|ARM.ActiveCfg = Release|Any CPU
		{2A2D8AA4-C92C-47A3-B99D-D7C4A96FD5EA}.AppStore|ARM.Build.0 = Release|Any CPU
		{2A2D8AA4-C92C-47A3-B99D-D7C4A96FD5EA}.AppStore|ARM.Deploy.0 = Release|Any CPU
		{2A2D8AA4-C92C-47A3-B99D-D7C4A96FD5EA}.AppStore|iPhone.ActiveCfg = Release|Any CPU
		{2A2D8AA4-C92C-47A3-B99D-D7C4A96FD5EA}.AppStore|iPhone.Build.0 = Release|Any CPU
		{2A2D8AA4-C92C-47A3-B99D-D7C4A96FD5EA}.AppStore|iPhone.Deploy.0 = Release|Any CPU
		{2A2D8AA4-C92C-47A3-B99D-D7C4A96FD5EA}.AppStore|iPhoneSimulator.ActiveCfg = Release|Any CPU
		{2A2D8AA4-C92C-47A3-B99D-D7C4A96FD5EA}.AppStore|iPhoneSimulator.Build.0 = Release|Any CPU
		{2A2D8AA4-C92C-47A3-B99D-D7C4A96FD5EA}.AppStore|iPhoneSimulator.Deploy.0 = Release|Any CPU
		{2A2D8AA4-C92C-47A3-B99D-D7C4A96FD5EA}.AppStore|x64.ActiveCfg = Release|Any CPU
		{2A2D8AA4-C92C-47A3-B99D-D7C4A96FD5EA}.AppStore|x64.Build.0 = Release|Any CPU
		{2A2D8AA4-C92C-47A3-B99D-D7C4A96FD5EA}.AppStore|x64.Deploy.0 = Release|Any CPU
		{2A2D8AA4-C92C-47A3-B99D-D7C4A96FD5EA}.AppStore|x86.ActiveCfg = Release|Any CPU
		{2A2D8AA4-C92C-47A3-B99D-D7C4A96FD5EA}.AppStore|x86.Build.0 = Release|Any CPU
		{2A2D8AA4-C92C-47A3-B99D-D7C4A96FD5EA}.AppStore|x86.Deploy.0 = Release|Any CPU
		{2A2D8AA4-C92C-47A3-B99D-D7C4A96FD5EA}.Debug|Any CPU.ActiveCfg = Debug|Any CPU
		{2A2D8AA4-C92C-47A3-B99D-D7C4A96FD5EA}.Debug|Any CPU.Build.0 = Debug|Any CPU
		{2A2D8AA4-C92C-47A3-B99D-D7C4A96FD5EA}.Debug|Any CPU.Deploy.0 = Debug|Any CPU
		{2A2D8AA4-C92C-47A3-B99D-D7C4A96FD5EA}.Debug|ARM.ActiveCfg = Debug|Any CPU
		{2A2D8AA4-C92C-47A3-B99D-D7C4A96FD5EA}.Debug|ARM.Build.0 = Debug|Any CPU
		{2A2D8AA4-C92C-47A3-B99D-D7C4A96FD5EA}.Debug|ARM.Deploy.0 = Debug|Any CPU
		{2A2D8AA4-C92C-47A3-B99D-D7C4A96FD5EA}.Debug|iPhone.ActiveCfg = Debug|Any CPU
		{2A2D8AA4-C92C-47A3-B99D-D7C4A96FD5EA}.Debug|iPhone.Build.0 = Debug|Any CPU
		{2A2D8AA4-C92C-47A3-B99D-D7C4A96FD5EA}.Debug|iPhone.Deploy.0 = Debug|Any CPU
		{2A2D8AA4-C92C-47A3-B99D-D7C4A96FD5EA}.Debug|iPhoneSimulator.ActiveCfg = Debug|Any CPU
		{2A2D8AA4-C92C-47A3-B99D-D7C4A96FD5EA}.Debug|iPhoneSimulator.Build.0 = Debug|Any CPU
		{2A2D8AA4-C92C-47A3-B99D-D7C4A96FD5EA}.Debug|iPhoneSimulator.Deploy.0 = Debug|Any CPU
		{2A2D8AA4-C92C-47A3-B99D-D7C4A96FD5EA}.Debug|x64.ActiveCfg = Debug|Any CPU
		{2A2D8AA4-C92C-47A3-B99D-D7C4A96FD5EA}.Debug|x64.Build.0 = Debug|Any CPU
		{2A2D8AA4-C92C-47A3-B99D-D7C4A96FD5EA}.Debug|x64.Deploy.0 = Debug|Any CPU
		{2A2D8AA4-C92C-47A3-B99D-D7C4A96FD5EA}.Debug|x86.ActiveCfg = Debug|Any CPU
		{2A2D8AA4-C92C-47A3-B99D-D7C4A96FD5EA}.Debug|x86.Build.0 = Debug|Any CPU
		{2A2D8AA4-C92C-47A3-B99D-D7C4A96FD5EA}.Debug|x86.Deploy.0 = Debug|Any CPU
		{2A2D8AA4-C92C-47A3-B99D-D7C4A96FD5EA}.Release|Any CPU.ActiveCfg = Release|Any CPU
		{2A2D8AA4-C92C-47A3-B99D-D7C4A96FD5EA}.Release|Any CPU.Build.0 = Release|Any CPU
		{2A2D8AA4-C92C-47A3-B99D-D7C4A96FD5EA}.Release|Any CPU.Deploy.0 = Release|Any CPU
		{2A2D8AA4-C92C-47A3-B99D-D7C4A96FD5EA}.Release|ARM.ActiveCfg = Release|Any CPU
		{2A2D8AA4-C92C-47A3-B99D-D7C4A96FD5EA}.Release|ARM.Build.0 = Release|Any CPU
		{2A2D8AA4-C92C-47A3-B99D-D7C4A96FD5EA}.Release|ARM.Deploy.0 = Release|Any CPU
		{2A2D8AA4-C92C-47A3-B99D-D7C4A96FD5EA}.Release|iPhone.ActiveCfg = Release|Any CPU
		{2A2D8AA4-C92C-47A3-B99D-D7C4A96FD5EA}.Release|iPhone.Build.0 = Release|Any CPU
		{2A2D8AA4-C92C-47A3-B99D-D7C4A96FD5EA}.Release|iPhone.Deploy.0 = Release|Any CPU
		{2A2D8AA4-C92C-47A3-B99D-D7C4A96FD5EA}.Release|iPhoneSimulator.ActiveCfg = Release|Any CPU
		{2A2D8AA4-C92C-47A3-B99D-D7C4A96FD5EA}.Release|iPhoneSimulator.Build.0 = Release|Any CPU
		{2A2D8AA4-C92C-47A3-B99D-D7C4A96FD5EA}.Release|iPhoneSimulator.Deploy.0 = Release|Any CPU
		{2A2D8AA4-C92C-47A3-B99D-D7C4A96FD5EA}.Release|x64.ActiveCfg = Release|Any CPU
		{2A2D8AA4-C92C-47A3-B99D-D7C4A96FD5EA}.Release|x64.Build.0 = Release|Any CPU
		{2A2D8AA4-C92C-47A3-B99D-D7C4A96FD5EA}.Release|x64.Deploy.0 = Release|Any CPU
		{2A2D8AA4-C92C-47A3-B99D-D7C4A96FD5EA}.Release|x86.ActiveCfg = Release|Any CPU
		{2A2D8AA4-C92C-47A3-B99D-D7C4A96FD5EA}.Release|x86.Build.0 = Release|Any CPU
		{2A2D8AA4-C92C-47A3-B99D-D7C4A96FD5EA}.Release|x86.Deploy.0 = Release|Any CPU
		{870BA51C-A5B0-4B7E-9081-CAEE4E0789D6}.Ad-Hoc|Any CPU.ActiveCfg = Ad-Hoc|iPhone
		{870BA51C-A5B0-4B7E-9081-CAEE4E0789D6}.Ad-Hoc|Any CPU.Build.0 = Ad-Hoc|iPhone
		{870BA51C-A5B0-4B7E-9081-CAEE4E0789D6}.Ad-Hoc|Any CPU.Deploy.0 = Ad-Hoc|iPhone
		{870BA51C-A5B0-4B7E-9081-CAEE4E0789D6}.Ad-Hoc|ARM.ActiveCfg = Ad-Hoc|iPhone
		{870BA51C-A5B0-4B7E-9081-CAEE4E0789D6}.Ad-Hoc|ARM.Build.0 = Ad-Hoc|iPhone
		{870BA51C-A5B0-4B7E-9081-CAEE4E0789D6}.Ad-Hoc|ARM.Deploy.0 = Ad-Hoc|iPhone
		{870BA51C-A5B0-4B7E-9081-CAEE4E0789D6}.Ad-Hoc|iPhone.ActiveCfg = Ad-Hoc|iPhone
		{870BA51C-A5B0-4B7E-9081-CAEE4E0789D6}.Ad-Hoc|iPhone.Build.0 = Ad-Hoc|iPhone
		{870BA51C-A5B0-4B7E-9081-CAEE4E0789D6}.Ad-Hoc|iPhone.Deploy.0 = Ad-Hoc|iPhone
		{870BA51C-A5B0-4B7E-9081-CAEE4E0789D6}.Ad-Hoc|iPhoneSimulator.ActiveCfg = Ad-Hoc|iPhoneSimulator
		{870BA51C-A5B0-4B7E-9081-CAEE4E0789D6}.Ad-Hoc|iPhoneSimulator.Build.0 = Ad-Hoc|iPhoneSimulator
		{870BA51C-A5B0-4B7E-9081-CAEE4E0789D6}.Ad-Hoc|iPhoneSimulator.Deploy.0 = Ad-Hoc|iPhoneSimulator
		{870BA51C-A5B0-4B7E-9081-CAEE4E0789D6}.Ad-Hoc|x64.ActiveCfg = Ad-Hoc|iPhone
		{870BA51C-A5B0-4B7E-9081-CAEE4E0789D6}.Ad-Hoc|x64.Build.0 = Ad-Hoc|iPhone
		{870BA51C-A5B0-4B7E-9081-CAEE4E0789D6}.Ad-Hoc|x64.Deploy.0 = Ad-Hoc|iPhone
		{870BA51C-A5B0-4B7E-9081-CAEE4E0789D6}.Ad-Hoc|x86.ActiveCfg = Ad-Hoc|iPhone
		{870BA51C-A5B0-4B7E-9081-CAEE4E0789D6}.Ad-Hoc|x86.Build.0 = Ad-Hoc|iPhone
		{870BA51C-A5B0-4B7E-9081-CAEE4E0789D6}.Ad-Hoc|x86.Deploy.0 = Ad-Hoc|iPhone
		{870BA51C-A5B0-4B7E-9081-CAEE4E0789D6}.AppStore|Any CPU.ActiveCfg = AppStore|iPhone
		{870BA51C-A5B0-4B7E-9081-CAEE4E0789D6}.AppStore|Any CPU.Build.0 = AppStore|iPhone
		{870BA51C-A5B0-4B7E-9081-CAEE4E0789D6}.AppStore|Any CPU.Deploy.0 = AppStore|iPhone
		{870BA51C-A5B0-4B7E-9081-CAEE4E0789D6}.AppStore|ARM.ActiveCfg = AppStore|iPhone
		{870BA51C-A5B0-4B7E-9081-CAEE4E0789D6}.AppStore|ARM.Build.0 = AppStore|iPhone
		{870BA51C-A5B0-4B7E-9081-CAEE4E0789D6}.AppStore|ARM.Deploy.0 = AppStore|iPhone
		{870BA51C-A5B0-4B7E-9081-CAEE4E0789D6}.AppStore|iPhone.ActiveCfg = AppStore|iPhone
		{870BA51C-A5B0-4B7E-9081-CAEE4E0789D6}.AppStore|iPhone.Build.0 = AppStore|iPhone
		{870BA51C-A5B0-4B7E-9081-CAEE4E0789D6}.AppStore|iPhone.Deploy.0 = AppStore|iPhone
		{870BA51C-A5B0-4B7E-9081-CAEE4E0789D6}.AppStore|iPhoneSimulator.ActiveCfg = AppStore|iPhoneSimulator
		{870BA51C-A5B0-4B7E-9081-CAEE4E0789D6}.AppStore|iPhoneSimulator.Build.0 = AppStore|iPhoneSimulator
		{870BA51C-A5B0-4B7E-9081-CAEE4E0789D6}.AppStore|iPhoneSimulator.Deploy.0 = AppStore|iPhoneSimulator
		{870BA51C-A5B0-4B7E-9081-CAEE4E0789D6}.AppStore|x64.ActiveCfg = AppStore|iPhone
		{870BA51C-A5B0-4B7E-9081-CAEE4E0789D6}.AppStore|x64.Build.0 = AppStore|iPhone
		{870BA51C-A5B0-4B7E-9081-CAEE4E0789D6}.AppStore|x64.Deploy.0 = AppStore|iPhone
		{870BA51C-A5B0-4B7E-9081-CAEE4E0789D6}.AppStore|x86.ActiveCfg = AppStore|iPhone
		{870BA51C-A5B0-4B7E-9081-CAEE4E0789D6}.AppStore|x86.Build.0 = AppStore|iPhone
		{870BA51C-A5B0-4B7E-9081-CAEE4E0789D6}.AppStore|x86.Deploy.0 = AppStore|iPhone
		{870BA51C-A5B0-4B7E-9081-CAEE4E0789D6}.Debug|Any CPU.ActiveCfg = Debug|iPhoneSimulator
		{870BA51C-A5B0-4B7E-9081-CAEE4E0789D6}.Debug|Any CPU.Build.0 = Debug|iPhoneSimulator
		{870BA51C-A5B0-4B7E-9081-CAEE4E0789D6}.Debug|Any CPU.Deploy.0 = Debug|iPhoneSimulator
		{870BA51C-A5B0-4B7E-9081-CAEE4E0789D6}.Debug|ARM.ActiveCfg = Debug|iPhone
		{870BA51C-A5B0-4B7E-9081-CAEE4E0789D6}.Debug|ARM.Build.0 = Debug|iPhone
		{870BA51C-A5B0-4B7E-9081-CAEE4E0789D6}.Debug|ARM.Deploy.0 = Debug|iPhone
		{870BA51C-A5B0-4B7E-9081-CAEE4E0789D6}.Debug|iPhone.ActiveCfg = Debug|iPhone
		{870BA51C-A5B0-4B7E-9081-CAEE4E0789D6}.Debug|iPhone.Build.0 = Debug|iPhone
		{870BA51C-A5B0-4B7E-9081-CAEE4E0789D6}.Debug|iPhone.Deploy.0 = Debug|iPhone
		{870BA51C-A5B0-4B7E-9081-CAEE4E0789D6}.Debug|iPhoneSimulator.ActiveCfg = Debug|iPhoneSimulator
		{870BA51C-A5B0-4B7E-9081-CAEE4E0789D6}.Debug|iPhoneSimulator.Build.0 = Debug|iPhoneSimulator
		{870BA51C-A5B0-4B7E-9081-CAEE4E0789D6}.Debug|iPhoneSimulator.Deploy.0 = Debug|iPhoneSimulator
		{870BA51C-A5B0-4B7E-9081-CAEE4E0789D6}.Debug|x64.ActiveCfg = Debug|iPhone
		{870BA51C-A5B0-4B7E-9081-CAEE4E0789D6}.Debug|x64.Build.0 = Debug|iPhone
		{870BA51C-A5B0-4B7E-9081-CAEE4E0789D6}.Debug|x64.Deploy.0 = Debug|iPhone
		{870BA51C-A5B0-4B7E-9081-CAEE4E0789D6}.Debug|x86.ActiveCfg = Debug|iPhone
		{870BA51C-A5B0-4B7E-9081-CAEE4E0789D6}.Debug|x86.Build.0 = Debug|iPhone
		{870BA51C-A5B0-4B7E-9081-CAEE4E0789D6}.Debug|x86.Deploy.0 = Debug|iPhone
		{870BA51C-A5B0-4B7E-9081-CAEE4E0789D6}.Release|Any CPU.ActiveCfg = Release|iPhone
		{870BA51C-A5B0-4B7E-9081-CAEE4E0789D6}.Release|Any CPU.Build.0 = Release|iPhone
		{870BA51C-A5B0-4B7E-9081-CAEE4E0789D6}.Release|Any CPU.Deploy.0 = Release|iPhone
		{870BA51C-A5B0-4B7E-9081-CAEE4E0789D6}.Release|ARM.ActiveCfg = Release|iPhone
		{870BA51C-A5B0-4B7E-9081-CAEE4E0789D6}.Release|ARM.Build.0 = Release|iPhone
		{870BA51C-A5B0-4B7E-9081-CAEE4E0789D6}.Release|ARM.Deploy.0 = Release|iPhone
		{870BA51C-A5B0-4B7E-9081-CAEE4E0789D6}.Release|iPhone.ActiveCfg = Release|iPhone
		{870BA51C-A5B0-4B7E-9081-CAEE4E0789D6}.Release|iPhone.Build.0 = Release|iPhone
		{870BA51C-A5B0-4B7E-9081-CAEE4E0789D6}.Release|iPhone.Deploy.0 = Release|iPhone
		{870BA51C-A5B0-4B7E-9081-CAEE4E0789D6}.Release|iPhoneSimulator.ActiveCfg = Release|iPhoneSimulator
		{870BA51C-A5B0-4B7E-9081-CAEE4E0789D6}.Release|iPhoneSimulator.Build.0 = Release|iPhoneSimulator
		{870BA51C-A5B0-4B7E-9081-CAEE4E0789D6}.Release|iPhoneSimulator.Deploy.0 = Release|iPhoneSimulator
		{870BA51C-A5B0-4B7E-9081-CAEE4E0789D6}.Release|x64.ActiveCfg = Release|iPhone
		{870BA51C-A5B0-4B7E-9081-CAEE4E0789D6}.Release|x64.Build.0 = Release|iPhone
		{870BA51C-A5B0-4B7E-9081-CAEE4E0789D6}.Release|x64.Deploy.0 = Release|iPhone
		{870BA51C-A5B0-4B7E-9081-CAEE4E0789D6}.Release|x86.ActiveCfg = Release|iPhone
		{870BA51C-A5B0-4B7E-9081-CAEE4E0789D6}.Release|x86.Build.0 = Release|iPhone
		{870BA51C-A5B0-4B7E-9081-CAEE4E0789D6}.Release|x86.Deploy.0 = Release|iPhone
		{B98F4FB9-20C1-40D1-8BFA-CC009C92A528}.Ad-Hoc|Any CPU.ActiveCfg = Release|x86
		{B98F4FB9-20C1-40D1-8BFA-CC009C92A528}.Ad-Hoc|Any CPU.Build.0 = Release|x86
		{B98F4FB9-20C1-40D1-8BFA-CC009C92A528}.Ad-Hoc|Any CPU.Deploy.0 = Release|x86
		{B98F4FB9-20C1-40D1-8BFA-CC009C92A528}.Ad-Hoc|ARM.ActiveCfg = Release|ARM
		{B98F4FB9-20C1-40D1-8BFA-CC009C92A528}.Ad-Hoc|ARM.Build.0 = Release|ARM
		{B98F4FB9-20C1-40D1-8BFA-CC009C92A528}.Ad-Hoc|ARM.Deploy.0 = Release|ARM
		{B98F4FB9-20C1-40D1-8BFA-CC009C92A528}.Ad-Hoc|iPhone.ActiveCfg = Release|x86
		{B98F4FB9-20C1-40D1-8BFA-CC009C92A528}.Ad-Hoc|iPhone.Build.0 = Release|x86
		{B98F4FB9-20C1-40D1-8BFA-CC009C92A528}.Ad-Hoc|iPhone.Deploy.0 = Release|x86
		{B98F4FB9-20C1-40D1-8BFA-CC009C92A528}.Ad-Hoc|iPhoneSimulator.ActiveCfg = Release|x86
		{B98F4FB9-20C1-40D1-8BFA-CC009C92A528}.Ad-Hoc|iPhoneSimulator.Build.0 = Release|x86
		{B98F4FB9-20C1-40D1-8BFA-CC009C92A528}.Ad-Hoc|iPhoneSimulator.Deploy.0 = Release|x86
		{B98F4FB9-20C1-40D1-8BFA-CC009C92A528}.Ad-Hoc|x64.ActiveCfg = Release|x64
		{B98F4FB9-20C1-40D1-8BFA-CC009C92A528}.Ad-Hoc|x64.Build.0 = Release|x64
		{B98F4FB9-20C1-40D1-8BFA-CC009C92A528}.Ad-Hoc|x64.Deploy.0 = Release|x64
		{B98F4FB9-20C1-40D1-8BFA-CC009C92A528}.Ad-Hoc|x86.ActiveCfg = Release|x86
		{B98F4FB9-20C1-40D1-8BFA-CC009C92A528}.Ad-Hoc|x86.Build.0 = Release|x86
		{B98F4FB9-20C1-40D1-8BFA-CC009C92A528}.Ad-Hoc|x86.Deploy.0 = Release|x86
		{B98F4FB9-20C1-40D1-8BFA-CC009C92A528}.AppStore|Any CPU.ActiveCfg = Release|x86
		{B98F4FB9-20C1-40D1-8BFA-CC009C92A528}.AppStore|Any CPU.Build.0 = Release|x86
		{B98F4FB9-20C1-40D1-8BFA-CC009C92A528}.AppStore|Any CPU.Deploy.0 = Release|x86
		{B98F4FB9-20C1-40D1-8BFA-CC009C92A528}.AppStore|ARM.ActiveCfg = Release|ARM
		{B98F4FB9-20C1-40D1-8BFA-CC009C92A528}.AppStore|ARM.Build.0 = Release|ARM
		{B98F4FB9-20C1-40D1-8BFA-CC009C92A528}.AppStore|ARM.Deploy.0 = Release|ARM
		{B98F4FB9-20C1-40D1-8BFA-CC009C92A528}.AppStore|iPhone.ActiveCfg = Release|x86
		{B98F4FB9-20C1-40D1-8BFA-CC009C92A528}.AppStore|iPhone.Build.0 = Release|x86
		{B98F4FB9-20C1-40D1-8BFA-CC009C92A528}.AppStore|iPhone.Deploy.0 = Release|x86
		{B98F4FB9-20C1-40D1-8BFA-CC009C92A528}.AppStore|iPhoneSimulator.ActiveCfg = Release|x86
		{B98F4FB9-20C1-40D1-8BFA-CC009C92A528}.AppStore|iPhoneSimulator.Build.0 = Release|x86
		{B98F4FB9-20C1-40D1-8BFA-CC009C92A528}.AppStore|iPhoneSimulator.Deploy.0 = Release|x86
		{B98F4FB9-20C1-40D1-8BFA-CC009C92A528}.AppStore|x64.ActiveCfg = Release|x64
		{B98F4FB9-20C1-40D1-8BFA-CC009C92A528}.AppStore|x64.Build.0 = Release|x64
		{B98F4FB9-20C1-40D1-8BFA-CC009C92A528}.AppStore|x64.Deploy.0 = Release|x64
		{B98F4FB9-20C1-40D1-8BFA-CC009C92A528}.AppStore|x86.ActiveCfg = Release|x86
		{B98F4FB9-20C1-40D1-8BFA-CC009C92A528}.AppStore|x86.Build.0 = Release|x86
		{B98F4FB9-20C1-40D1-8BFA-CC009C92A528}.AppStore|x86.Deploy.0 = Release|x86
		{B98F4FB9-20C1-40D1-8BFA-CC009C92A528}.Debug|Any CPU.ActiveCfg = Debug|x86
		{B98F4FB9-20C1-40D1-8BFA-CC009C92A528}.Debug|Any CPU.Build.0 = Debug|x86
		{B98F4FB9-20C1-40D1-8BFA-CC009C92A528}.Debug|Any CPU.Deploy.0 = Debug|x86
		{B98F4FB9-20C1-40D1-8BFA-CC009C92A528}.Debug|ARM.ActiveCfg = Debug|ARM
		{B98F4FB9-20C1-40D1-8BFA-CC009C92A528}.Debug|ARM.Build.0 = Debug|ARM
		{B98F4FB9-20C1-40D1-8BFA-CC009C92A528}.Debug|ARM.Deploy.0 = Debug|ARM
		{B98F4FB9-20C1-40D1-8BFA-CC009C92A528}.Debug|iPhone.ActiveCfg = Debug|x86
		{B98F4FB9-20C1-40D1-8BFA-CC009C92A528}.Debug|iPhone.Build.0 = Debug|x86
		{B98F4FB9-20C1-40D1-8BFA-CC009C92A528}.Debug|iPhone.Deploy.0 = Debug|x86
		{B98F4FB9-20C1-40D1-8BFA-CC009C92A528}.Debug|iPhoneSimulator.ActiveCfg = Debug|x86
		{B98F4FB9-20C1-40D1-8BFA-CC009C92A528}.Debug|iPhoneSimulator.Build.0 = Debug|x86
		{B98F4FB9-20C1-40D1-8BFA-CC009C92A528}.Debug|iPhoneSimulator.Deploy.0 = Debug|x86
		{B98F4FB9-20C1-40D1-8BFA-CC009C92A528}.Debug|x64.ActiveCfg = Debug|x64
		{B98F4FB9-20C1-40D1-8BFA-CC009C92A528}.Debug|x64.Build.0 = Debug|x64
		{B98F4FB9-20C1-40D1-8BFA-CC009C92A528}.Debug|x64.Deploy.0 = Debug|x64
		{B98F4FB9-20C1-40D1-8BFA-CC009C92A528}.Debug|x86.ActiveCfg = Debug|x86
		{B98F4FB9-20C1-40D1-8BFA-CC009C92A528}.Debug|x86.Build.0 = Debug|x86
		{B98F4FB9-20C1-40D1-8BFA-CC009C92A528}.Debug|x86.Deploy.0 = Debug|x86
		{B98F4FB9-20C1-40D1-8BFA-CC009C92A528}.Release|Any CPU.ActiveCfg = Release|x86
		{B98F4FB9-20C1-40D1-8BFA-CC009C92A528}.Release|Any CPU.Build.0 = Release|x86
		{B98F4FB9-20C1-40D1-8BFA-CC009C92A528}.Release|Any CPU.Deploy.0 = Release|x86
		{B98F4FB9-20C1-40D1-8BFA-CC009C92A528}.Release|ARM.ActiveCfg = Release|ARM
		{B98F4FB9-20C1-40D1-8BFA-CC009C92A528}.Release|ARM.Build.0 = Release|ARM
		{B98F4FB9-20C1-40D1-8BFA-CC009C92A528}.Release|ARM.Deploy.0 = Release|ARM
		{B98F4FB9-20C1-40D1-8BFA-CC009C92A528}.Release|iPhone.ActiveCfg = Release|x86
		{B98F4FB9-20C1-40D1-8BFA-CC009C92A528}.Release|iPhone.Build.0 = Release|x86
		{B98F4FB9-20C1-40D1-8BFA-CC009C92A528}.Release|iPhone.Deploy.0 = Release|x86
		{B98F4FB9-20C1-40D1-8BFA-CC009C92A528}.Release|iPhoneSimulator.ActiveCfg = Release|x86
		{B98F4FB9-20C1-40D1-8BFA-CC009C92A528}.Release|iPhoneSimulator.Build.0 = Release|x86
		{B98F4FB9-20C1-40D1-8BFA-CC009C92A528}.Release|iPhoneSimulator.Deploy.0 = Release|x86
		{B98F4FB9-20C1-40D1-8BFA-CC009C92A528}.Release|x64.ActiveCfg = Release|x64
		{B98F4FB9-20C1-40D1-8BFA-CC009C92A528}.Release|x64.Build.0 = Release|x64
		{B98F4FB9-20C1-40D1-8BFA-CC009C92A528}.Release|x64.Deploy.0 = Release|x64
		{B98F4FB9-20C1-40D1-8BFA-CC009C92A528}.Release|x86.ActiveCfg = Release|x86
		{B98F4FB9-20C1-40D1-8BFA-CC009C92A528}.Release|x86.Build.0 = Release|x86
		{B98F4FB9-20C1-40D1-8BFA-CC009C92A528}.Release|x86.Deploy.0 = Release|x86
		{97610E4F-AD8D-4C2A-BFF5-9A180A659FB5}.Ad-Hoc|Any CPU.ActiveCfg = Debug|Any CPU
		{97610E4F-AD8D-4C2A-BFF5-9A180A659FB5}.Ad-Hoc|Any CPU.Build.0 = Debug|Any CPU
		{97610E4F-AD8D-4C2A-BFF5-9A180A659FB5}.Ad-Hoc|Any CPU.Deploy.0 = Debug|Any CPU
		{97610E4F-AD8D-4C2A-BFF5-9A180A659FB5}.Ad-Hoc|ARM.ActiveCfg = Debug|Any CPU
		{97610E4F-AD8D-4C2A-BFF5-9A180A659FB5}.Ad-Hoc|ARM.Build.0 = Debug|Any CPU
		{97610E4F-AD8D-4C2A-BFF5-9A180A659FB5}.Ad-Hoc|ARM.Deploy.0 = Debug|Any CPU
		{97610E4F-AD8D-4C2A-BFF5-9A180A659FB5}.Ad-Hoc|iPhone.ActiveCfg = Debug|Any CPU
		{97610E4F-AD8D-4C2A-BFF5-9A180A659FB5}.Ad-Hoc|iPhone.Build.0 = Debug|Any CPU
		{97610E4F-AD8D-4C2A-BFF5-9A180A659FB5}.Ad-Hoc|iPhone.Deploy.0 = Debug|Any CPU
		{97610E4F-AD8D-4C2A-BFF5-9A180A659FB5}.Ad-Hoc|iPhoneSimulator.ActiveCfg = Debug|Any CPU
		{97610E4F-AD8D-4C2A-BFF5-9A180A659FB5}.Ad-Hoc|iPhoneSimulator.Build.0 = Debug|Any CPU
		{97610E4F-AD8D-4C2A-BFF5-9A180A659FB5}.Ad-Hoc|iPhoneSimulator.Deploy.0 = Debug|Any CPU
		{97610E4F-AD8D-4C2A-BFF5-9A180A659FB5}.Ad-Hoc|x64.ActiveCfg = Debug|Any CPU
		{97610E4F-AD8D-4C2A-BFF5-9A180A659FB5}.Ad-Hoc|x64.Build.0 = Debug|Any CPU
		{97610E4F-AD8D-4C2A-BFF5-9A180A659FB5}.Ad-Hoc|x64.Deploy.0 = Debug|Any CPU
		{97610E4F-AD8D-4C2A-BFF5-9A180A659FB5}.Ad-Hoc|x86.ActiveCfg = Debug|Any CPU
		{97610E4F-AD8D-4C2A-BFF5-9A180A659FB5}.Ad-Hoc|x86.Build.0 = Debug|Any CPU
		{97610E4F-AD8D-4C2A-BFF5-9A180A659FB5}.Ad-Hoc|x86.Deploy.0 = Debug|Any CPU
		{97610E4F-AD8D-4C2A-BFF5-9A180A659FB5}.AppStore|Any CPU.ActiveCfg = Debug|Any CPU
		{97610E4F-AD8D-4C2A-BFF5-9A180A659FB5}.AppStore|Any CPU.Build.0 = Debug|Any CPU
		{97610E4F-AD8D-4C2A-BFF5-9A180A659FB5}.AppStore|Any CPU.Deploy.0 = Debug|Any CPU
		{97610E4F-AD8D-4C2A-BFF5-9A180A659FB5}.AppStore|ARM.ActiveCfg = Debug|Any CPU
		{97610E4F-AD8D-4C2A-BFF5-9A180A659FB5}.AppStore|ARM.Build.0 = Debug|Any CPU
		{97610E4F-AD8D-4C2A-BFF5-9A180A659FB5}.AppStore|ARM.Deploy.0 = Debug|Any CPU
		{97610E4F-AD8D-4C2A-BFF5-9A180A659FB5}.AppStore|iPhone.ActiveCfg = Debug|Any CPU
		{97610E4F-AD8D-4C2A-BFF5-9A180A659FB5}.AppStore|iPhone.Build.0 = Debug|Any CPU
		{97610E4F-AD8D-4C2A-BFF5-9A180A659FB5}.AppStore|iPhone.Deploy.0 = Debug|Any CPU
		{97610E4F-AD8D-4C2A-BFF5-9A180A659FB5}.AppStore|iPhoneSimulator.ActiveCfg = Debug|Any CPU
		{97610E4F-AD8D-4C2A-BFF5-9A180A659FB5}.AppStore|iPhoneSimulator.Build.0 = Debug|Any CPU
		{97610E4F-AD8D-4C2A-BFF5-9A180A659FB5}.AppStore|iPhoneSimulator.Deploy.0 = Debug|Any CPU
		{97610E4F-AD8D-4C2A-BFF5-9A180A659FB5}.AppStore|x64.ActiveCfg = Debug|Any CPU
		{97610E4F-AD8D-4C2A-BFF5-9A180A659FB5}.AppStore|x64.Build.0 = Debug|Any CPU
		{97610E4F-AD8D-4C2A-BFF5-9A180A659FB5}.AppStore|x64.Deploy.0 = Debug|Any CPU
		{97610E4F-AD8D-4C2A-BFF5-9A180A659FB5}.AppStore|x86.ActiveCfg = Debug|Any CPU
		{97610E4F-AD8D-4C2A-BFF5-9A180A659FB5}.AppStore|x86.Build.0 = Debug|Any CPU
		{97610E4F-AD8D-4C2A-BFF5-9A180A659FB5}.AppStore|x86.Deploy.0 = Debug|Any CPU
		{97610E4F-AD8D-4C2A-BFF5-9A180A659FB5}.Debug|Any CPU.ActiveCfg = Debug|Any CPU
		{97610E4F-AD8D-4C2A-BFF5-9A180A659FB5}.Debug|Any CPU.Build.0 = Debug|Any CPU
		{97610E4F-AD8D-4C2A-BFF5-9A180A659FB5}.Debug|Any CPU.Deploy.0 = Debug|Any CPU
		{97610E4F-AD8D-4C2A-BFF5-9A180A659FB5}.Debug|ARM.ActiveCfg = Debug|Any CPU
		{97610E4F-AD8D-4C2A-BFF5-9A180A659FB5}.Debug|ARM.Build.0 = Debug|Any CPU
		{97610E4F-AD8D-4C2A-BFF5-9A180A659FB5}.Debug|ARM.Deploy.0 = Debug|Any CPU
		{97610E4F-AD8D-4C2A-BFF5-9A180A659FB5}.Debug|iPhone.ActiveCfg = Debug|Any CPU
		{97610E4F-AD8D-4C2A-BFF5-9A180A659FB5}.Debug|iPhone.Build.0 = Debug|Any CPU
		{97610E4F-AD8D-4C2A-BFF5-9A180A659FB5}.Debug|iPhone.Deploy.0 = Debug|Any CPU
		{97610E4F-AD8D-4C2A-BFF5-9A180A659FB5}.Debug|iPhoneSimulator.ActiveCfg = Debug|Any CPU
		{97610E4F-AD8D-4C2A-BFF5-9A180A659FB5}.Debug|iPhoneSimulator.Build.0 = Debug|Any CPU
		{97610E4F-AD8D-4C2A-BFF5-9A180A659FB5}.Debug|iPhoneSimulator.Deploy.0 = Debug|Any CPU
		{97610E4F-AD8D-4C2A-BFF5-9A180A659FB5}.Debug|x64.ActiveCfg = Debug|Any CPU
		{97610E4F-AD8D-4C2A-BFF5-9A180A659FB5}.Debug|x64.Build.0 = Debug|Any CPU
		{97610E4F-AD8D-4C2A-BFF5-9A180A659FB5}.Debug|x64.Deploy.0 = Debug|Any CPU
		{97610E4F-AD8D-4C2A-BFF5-9A180A659FB5}.Debug|x86.ActiveCfg = Debug|Any CPU
		{97610E4F-AD8D-4C2A-BFF5-9A180A659FB5}.Debug|x86.Build.0 = Debug|Any CPU
		{97610E4F-AD8D-4C2A-BFF5-9A180A659FB5}.Debug|x86.Deploy.0 = Debug|Any CPU
		{97610E4F-AD8D-4C2A-BFF5-9A180A659FB5}.Release|Any CPU.ActiveCfg = Release|Any CPU
		{97610E4F-AD8D-4C2A-BFF5-9A180A659FB5}.Release|Any CPU.Build.0 = Release|Any CPU
		{97610E4F-AD8D-4C2A-BFF5-9A180A659FB5}.Release|Any CPU.Deploy.0 = Release|Any CPU
		{97610E4F-AD8D-4C2A-BFF5-9A180A659FB5}.Release|ARM.ActiveCfg = Release|Any CPU
		{97610E4F-AD8D-4C2A-BFF5-9A180A659FB5}.Release|ARM.Build.0 = Release|Any CPU
		{97610E4F-AD8D-4C2A-BFF5-9A180A659FB5}.Release|ARM.Deploy.0 = Release|Any CPU
		{97610E4F-AD8D-4C2A-BFF5-9A180A659FB5}.Release|iPhone.ActiveCfg = Release|Any CPU
		{97610E4F-AD8D-4C2A-BFF5-9A180A659FB5}.Release|iPhone.Build.0 = Release|Any CPU
		{97610E4F-AD8D-4C2A-BFF5-9A180A659FB5}.Release|iPhone.Deploy.0 = Release|Any CPU
		{97610E4F-AD8D-4C2A-BFF5-9A180A659FB5}.Release|iPhoneSimulator.ActiveCfg = Release|Any CPU
		{97610E4F-AD8D-4C2A-BFF5-9A180A659FB5}.Release|iPhoneSimulator.Build.0 = Release|Any CPU
		{97610E4F-AD8D-4C2A-BFF5-9A180A659FB5}.Release|iPhoneSimulator.Deploy.0 = Release|Any CPU
		{97610E4F-AD8D-4C2A-BFF5-9A180A659FB5}.Release|x64.ActiveCfg = Release|Any CPU
		{97610E4F-AD8D-4C2A-BFF5-9A180A659FB5}.Release|x64.Build.0 = Release|Any CPU
		{97610E4F-AD8D-4C2A-BFF5-9A180A659FB5}.Release|x64.Deploy.0 = Release|Any CPU
		{97610E4F-AD8D-4C2A-BFF5-9A180A659FB5}.Release|x86.ActiveCfg = Release|Any CPU
		{97610E4F-AD8D-4C2A-BFF5-9A180A659FB5}.Release|x86.Build.0 = Release|Any CPU
		{97610E4F-AD8D-4C2A-BFF5-9A180A659FB5}.Release|x86.Deploy.0 = Release|Any CPU
	EndGlobalSection
	GlobalSection(SolutionProperties) = preSolution
		HideSolutionNode = FALSE
	EndGlobalSection
	GlobalSection(ExtensibilityGlobals) = postSolution
		SolutionGuid = {AA05BCFE-2BD2-4DD9-A196-C41BD2A7B852}
	EndGlobalSection
EndGlobal
